// !$*UTF8*$!
{
	archiveVersion = 1;
	classes = {
	};
	objectVersion = 51;
	objects = {

/* Begin PBXBuildFile section */
		46E826C19C95C731143FC79E /* Pods_My_Uber.framework in Frameworks */ = {isa = PBXBuildFile; fileRef = F72677A148F457398AE9493B /* Pods_My_Uber.framework */; };
		F00C964A24321D0A00E01DB8 /* Service.swift in Sources */ = {isa = PBXBuildFile; fileRef = F00C964924321D0A00E01DB8 /* Service.swift */; };
		F00C964C2432240A00E01DB8 /* User.swift in Sources */ = {isa = PBXBuildFile; fileRef = F00C964B2432240A00E01DB8 /* User.swift */; };
		F00C964E24322AD700E01DB8 /* LocationHandler.swift in Sources */ = {isa = PBXBuildFile; fileRef = F00C964D24322AD700E01DB8 /* LocationHandler.swift */; };
		F020E1CF2434B7E500B52F34 /* RideActionView.swift in Sources */ = {isa = PBXBuildFile; fileRef = F020E1CE2434B7E500B52F34 /* RideActionView.swift */; };
		F020E1D12434EEFA00B52F34 /* Trip.swift in Sources */ = {isa = PBXBuildFile; fileRef = F020E1D02434EEFA00B52F34 /* Trip.swift */; };
		F020E1D324360E8B00B52F34 /* PickupController.swift in Sources */ = {isa = PBXBuildFile; fileRef = F020E1D224360E8B00B52F34 /* PickupController.swift */; };
		F054DD2F242E84490008675D /* HomeController.swift in Sources */ = {isa = PBXBuildFile; fileRef = F054DD2E242E84490008675D /* HomeController.swift */; };
		F05DF525243A1D7300EE8716 /* UserInfoHeader.swift in Sources */ = {isa = PBXBuildFile; fileRef = F05DF524243A1D7300EE8716 /* UserInfoHeader.swift */; };
		F05DF528243A25A600EE8716 /* AddLocationController.swift in Sources */ = {isa = PBXBuildFile; fileRef = F05DF527243A25A600EE8716 /* AddLocationController.swift */; };
		F076DBC32438AFF20039EA1B /* MenuController.swift in Sources */ = {isa = PBXBuildFile; fileRef = F076DBC22438AFF20039EA1B /* MenuController.swift */; };
		F076DBC52438B01C0039EA1B /* ContainerController.swift in Sources */ = {isa = PBXBuildFile; fileRef = F076DBC42438B01C0039EA1B /* ContainerController.swift */; };
		F076DBC72438B6550039EA1B /* MenuHeader.swift in Sources */ = {isa = PBXBuildFile; fileRef = F076DBC62438B6550039EA1B /* MenuHeader.swift */; };
		F076DBCA243A1A4C0039EA1B /* SettingsController.swift in Sources */ = {isa = PBXBuildFile; fileRef = F076DBC9243A1A4C0039EA1B /* SettingsController.swift */; };
		F08D4F61242E2CC000890E36 /* AppDelegate.swift in Sources */ = {isa = PBXBuildFile; fileRef = F08D4F60242E2CC000890E36 /* AppDelegate.swift */; };
		F08D4F63242E2CC000890E36 /* SceneDelegate.swift in Sources */ = {isa = PBXBuildFile; fileRef = F08D4F62242E2CC000890E36 /* SceneDelegate.swift */; };
		F08D4F68242E2CC000890E36 /* Main.storyboard in Resources */ = {isa = PBXBuildFile; fileRef = F08D4F66242E2CC000890E36 /* Main.storyboard */; };
		F08D4F6A242E2CC500890E36 /* Assets.xcassets in Resources */ = {isa = PBXBuildFile; fileRef = F08D4F69242E2CC500890E36 /* Assets.xcassets */; };
		F08D4F6D242E2CC500890E36 /* LaunchScreen.storyboard in Resources */ = {isa = PBXBuildFile; fileRef = F08D4F6B242E2CC500890E36 /* LaunchScreen.storyboard */; };
		F0918F9A2431054100C3515F /* LocationCell.swift in Sources */ = {isa = PBXBuildFile; fileRef = F0918F992431054100C3515F /* LocationCell.swift */; };
		F097BDD2242E7A260098CA05 /* GoogleService-Info.plist in Resources */ = {isa = PBXBuildFile; fileRef = F097BDD1242E7A260098CA05 /* GoogleService-Info.plist */; };
		F0B4C7AF242E2F4600A506DC /* LoginController.swift in Sources */ = {isa = PBXBuildFile; fileRef = F0B4C7AE242E2F4600A506DC /* LoginController.swift */; };
		F0B4C7B1242E3F5E00A506DC /* Extensions.swift in Sources */ = {isa = PBXBuildFile; fileRef = F0B4C7B0242E3F5E00A506DC /* Extensions.swift */; };
		F0B4C7B5242E5F0000A506DC /* SignUpController.swift in Sources */ = {isa = PBXBuildFile; fileRef = F0B4C7B4242E5F0000A506DC /* SignUpController.swift */; };
		F0B4C7B7242E6A4300A506DC /* AuthButton.swift in Sources */ = {isa = PBXBuildFile; fileRef = F0B4C7B6242E6A4300A506DC /* AuthButton.swift */; };
		F0CC1A08242FC134002AB5AC /* LocationInputActivationView.swift in Sources */ = {isa = PBXBuildFile; fileRef = F0CC1A07242FC134002AB5AC /* LocationInputActivationView.swift */; };
		F0D8386024324F040072DDA9 /* DriverAnnotation.swift in Sources */ = {isa = PBXBuildFile; fileRef = F0D8385F24324F040072DDA9 /* DriverAnnotation.swift */; };
		F0F406EA242FCB2E0092184D /* LocationInputView.swift in Sources */ = {isa = PBXBuildFile; fileRef = F0F406E9242FCB2E0092184D /* LocationInputView.swift */; };
/* End PBXBuildFile section */

/* Begin PBXFileReference section */
		226AA49055EDB822991B26EB /* Pods-My Uber.release.xcconfig */ = {isa = PBXFileReference; includeInIndex = 1; lastKnownFileType = text.xcconfig; name = "Pods-My Uber.release.xcconfig"; path = "Target Support Files/Pods-My Uber/Pods-My Uber.release.xcconfig"; sourceTree = "<group>"; };
		8BCD295DCF9E546FB6F5CB16 /* Pods-My Uber.debug.xcconfig */ = {isa = PBXFileReference; includeInIndex = 1; lastKnownFileType = text.xcconfig; name = "Pods-My Uber.debug.xcconfig"; path = "Target Support Files/Pods-My Uber/Pods-My Uber.debug.xcconfig"; sourceTree = "<group>"; };
		F00C964924321D0A00E01DB8 /* Service.swift */ = {isa = PBXFileReference; lastKnownFileType = sourcecode.swift; path = Service.swift; sourceTree = "<group>"; };
		F00C964B2432240A00E01DB8 /* User.swift */ = {isa = PBXFileReference; lastKnownFileType = sourcecode.swift; path = User.swift; sourceTree = "<group>"; };
		F00C964D24322AD700E01DB8 /* LocationHandler.swift */ = {isa = PBXFileReference; lastKnownFileType = sourcecode.swift; path = LocationHandler.swift; sourceTree = "<group>"; };
		F020E1CE2434B7E500B52F34 /* RideActionView.swift */ = {isa = PBXFileReference; lastKnownFileType = sourcecode.swift; path = RideActionView.swift; sourceTree = "<group>"; };
		F020E1D02434EEFA00B52F34 /* Trip.swift */ = {isa = PBXFileReference; lastKnownFileType = sourcecode.swift; path = Trip.swift; sourceTree = "<group>"; };
		F020E1D224360E8B00B52F34 /* PickupController.swift */ = {isa = PBXFileReference; lastKnownFileType = sourcecode.swift; path = PickupController.swift; sourceTree = "<group>"; };
		F054DD2E242E84490008675D /* HomeController.swift */ = {isa = PBXFileReference; lastKnownFileType = sourcecode.swift; path = HomeController.swift; sourceTree = "<group>"; };
		F05DF524243A1D7300EE8716 /* UserInfoHeader.swift */ = {isa = PBXFileReference; lastKnownFileType = sourcecode.swift; path = UserInfoHeader.swift; sourceTree = "<group>"; };
		F05DF527243A25A600EE8716 /* AddLocationController.swift */ = {isa = PBXFileReference; lastKnownFileType = sourcecode.swift; path = AddLocationController.swift; sourceTree = "<group>"; };
		F076DBC22438AFF20039EA1B /* MenuController.swift */ = {isa = PBXFileReference; lastKnownFileType = sourcecode.swift; path = MenuController.swift; sourceTree = "<group>"; };
		F076DBC42438B01C0039EA1B /* ContainerController.swift */ = {isa = PBXFileReference; lastKnownFileType = sourcecode.swift; path = ContainerController.swift; sourceTree = "<group>"; };
		F076DBC62438B6550039EA1B /* MenuHeader.swift */ = {isa = PBXFileReference; lastKnownFileType = sourcecode.swift; path = MenuHeader.swift; sourceTree = "<group>"; };
		F076DBC9243A1A4C0039EA1B /* SettingsController.swift */ = {isa = PBXFileReference; lastKnownFileType = sourcecode.swift; path = SettingsController.swift; sourceTree = "<group>"; };
		F08D4F5D242E2CC000890E36 /* My Uber.app */ = {isa = PBXFileReference; explicitFileType = wrapper.application; includeInIndex = 0; path = "My Uber.app"; sourceTree = BUILT_PRODUCTS_DIR; };
		F08D4F60242E2CC000890E36 /* AppDelegate.swift */ = {isa = PBXFileReference; lastKnownFileType = sourcecode.swift; path = AppDelegate.swift; sourceTree = "<group>"; };
		F08D4F62242E2CC000890E36 /* SceneDelegate.swift */ = {isa = PBXFileReference; lastKnownFileType = sourcecode.swift; path = SceneDelegate.swift; sourceTree = "<group>"; };
		F08D4F67242E2CC000890E36 /* Base */ = {isa = PBXFileReference; lastKnownFileType = file.storyboard; name = Base; path = Base.lproj/Main.storyboard; sourceTree = "<group>"; };
		F08D4F69242E2CC500890E36 /* Assets.xcassets */ = {isa = PBXFileReference; lastKnownFileType = folder.assetcatalog; path = Assets.xcassets; sourceTree = "<group>"; };
		F08D4F6C242E2CC500890E36 /* Base */ = {isa = PBXFileReference; lastKnownFileType = file.storyboard; name = Base; path = Base.lproj/LaunchScreen.storyboard; sourceTree = "<group>"; };
		F08D4F6E242E2CC500890E36 /* Info.plist */ = {isa = PBXFileReference; lastKnownFileType = text.plist.xml; path = Info.plist; sourceTree = "<group>"; };
		F0918F992431054100C3515F /* LocationCell.swift */ = {isa = PBXFileReference; lastKnownFileType = sourcecode.swift; path = LocationCell.swift; sourceTree = "<group>"; };
		F097BDD1242E7A260098CA05 /* GoogleService-Info.plist */ = {isa = PBXFileReference; lastKnownFileType = text.plist; path = "GoogleService-Info.plist"; sourceTree = SOURCE_ROOT; };
		F0B4C7AE242E2F4600A506DC /* LoginController.swift */ = {isa = PBXFileReference; lastKnownFileType = sourcecode.swift; path = LoginController.swift; sourceTree = "<group>"; };
		F0B4C7B0242E3F5E00A506DC /* Extensions.swift */ = {isa = PBXFileReference; lastKnownFileType = sourcecode.swift; path = Extensions.swift; sourceTree = "<group>"; };
		F0B4C7B4242E5F0000A506DC /* SignUpController.swift */ = {isa = PBXFileReference; lastKnownFileType = sourcecode.swift; path = SignUpController.swift; sourceTree = "<group>"; };
		F0B4C7B6242E6A4300A506DC /* AuthButton.swift */ = {isa = PBXFileReference; lastKnownFileType = sourcecode.swift; path = AuthButton.swift; sourceTree = "<group>"; };
		F0CC1A07242FC134002AB5AC /* LocationInputActivationView.swift */ = {isa = PBXFileReference; lastKnownFileType = sourcecode.swift; path = LocationInputActivationView.swift; sourceTree = "<group>"; };
		F0D8385F24324F040072DDA9 /* DriverAnnotation.swift */ = {isa = PBXFileReference; lastKnownFileType = sourcecode.swift; path = DriverAnnotation.swift; sourceTree = "<group>"; };
		F0F406E9242FCB2E0092184D /* LocationInputView.swift */ = {isa = PBXFileReference; lastKnownFileType = sourcecode.swift; path = LocationInputView.swift; sourceTree = "<group>"; };
		F72677A148F457398AE9493B /* Pods_My_Uber.framework */ = {isa = PBXFileReference; explicitFileType = wrapper.framework; includeInIndex = 0; path = Pods_My_Uber.framework; sourceTree = BUILT_PRODUCTS_DIR; };
/* End PBXFileReference section */

/* Begin PBXFrameworksBuildPhase section */
		F08D4F5A242E2CC000890E36 /* Frameworks */ = {
			isa = PBXFrameworksBuildPhase;
			buildActionMask = 2147483647;
			files = (
				46E826C19C95C731143FC79E /* Pods_My_Uber.framework in Frameworks */,
			);
			runOnlyForDeploymentPostprocessing = 0;
		};
/* End PBXFrameworksBuildPhase section */

/* Begin PBXGroup section */
		6B90E8C2934AD8F67D6EEC21 /* Frameworks */ = {
			isa = PBXGroup;
			children = (
				F72677A148F457398AE9493B /* Pods_My_Uber.framework */,
			);
			name = Frameworks;
			sourceTree = "<group>";
		};
		837F3F7563D472725298852C /* Pods */ = {
			isa = PBXGroup;
			children = (
				8BCD295DCF9E546FB6F5CB16 /* Pods-My Uber.debug.xcconfig */,
				226AA49055EDB822991B26EB /* Pods-My Uber.release.xcconfig */,
			);
			path = Pods;
			sourceTree = "<group>";
		};
		F05DF526243A259700EE8716 /* Settings */ = {
			isa = PBXGroup;
			children = (
				F076DBC9243A1A4C0039EA1B /* SettingsController.swift */,
				F05DF527243A25A600EE8716 /* AddLocationController.swift */,
			);
			path = Settings;
			sourceTree = "<group>";
		};
		F076DBC02438AFCF0039EA1B /* Authentication */ = {
			isa = PBXGroup;
			children = (
				F0B4C7B4242E5F0000A506DC /* SignUpController.swift */,
				F0B4C7AE242E2F4600A506DC /* LoginController.swift */,
			);
			path = Authentication;
			sourceTree = "<group>";
		};
		F076DBC12438AFDF0039EA1B /* SideMenu */ = {
			isa = PBXGroup;
			children = (
				F076DBC22438AFF20039EA1B /* MenuController.swift */,
				F076DBC42438B01C0039EA1B /* ContainerController.swift */,
			);
			path = SideMenu;
			sourceTree = "<group>";
		};
		F08D4F54242E2CC000890E36 = {
			isa = PBXGroup;
			children = (
				F08D4F5F242E2CC000890E36 /* My Uber */,
				F08D4F5E242E2CC000890E36 /* Products */,
				837F3F7563D472725298852C /* Pods */,
				6B90E8C2934AD8F67D6EEC21 /* Frameworks */,
			);
			sourceTree = "<group>";
		};
		F08D4F5E242E2CC000890E36 /* Products */ = {
			isa = PBXGroup;
			children = (
				F08D4F5D242E2CC000890E36 /* My Uber.app */,
			);
			name = Products;
			sourceTree = "<group>";
		};
		F08D4F5F242E2CC000890E36 /* My Uber */ = {
			isa = PBXGroup;
			children = (
				F08D4F7B242E2D1F00890E36 /* Model */,
				F08D4F7A242E2D1900890E36 /* View */,
				F08D4F79242E2D1400890E36 /* Controller */,
				F08D4F77242E2D0700890E36 /* Service */,
				F08D4F74242E2CF300890E36 /* Utils */,
				F08D4F60242E2CC000890E36 /* AppDelegate.swift */,
				F08D4F62242E2CC000890E36 /* SceneDelegate.swift */,
				F08D4F66242E2CC000890E36 /* Main.storyboard */,
				F08D4F69242E2CC500890E36 /* Assets.xcassets */,
				F08D4F6B242E2CC500890E36 /* LaunchScreen.storyboard */,
				F08D4F6E242E2CC500890E36 /* Info.plist */,
				F097BDD1242E7A260098CA05 /* GoogleService-Info.plist */,
			);
			path = "My Uber";
			sourceTree = "<group>";
		};
		F08D4F74242E2CF300890E36 /* Utils */ = {
			isa = PBXGroup;
			children = (
				F0B4C7B0242E3F5E00A506DC /* Extensions.swift */,
				F00C964D24322AD700E01DB8 /* LocationHandler.swift */,
			);
			path = Utils;
			sourceTree = "<group>";
		};
		F08D4F77242E2D0700890E36 /* Service */ = {
			isa = PBXGroup;
			children = (
				F00C964924321D0A00E01DB8 /* Service.swift */,
			);
			path = Service;
			sourceTree = "<group>";
		};
		F08D4F79242E2D1400890E36 /* Controller */ = {
			isa = PBXGroup;
			children = (
				F076DBC12438AFDF0039EA1B /* SideMenu */,
				F076DBC02438AFCF0039EA1B /* Authentication */,
				F054DD2E242E84490008675D /* HomeController.swift */,
				F020E1D224360E8B00B52F34 /* PickupController.swift */,
				F05DF526243A259700EE8716 /* Settings */,
			);
			path = Controller;
			sourceTree = "<group>";
		};
		F08D4F7A242E2D1900890E36 /* View */ = {
			isa = PBXGroup;
			children = (
				F0B4C7B6242E6A4300A506DC /* AuthButton.swift */,
				F0918F992431054100C3515F /* LocationCell.swift */,
				F020E1CE2434B7E500B52F34 /* RideActionView.swift */,
				F0F406E9242FCB2E0092184D /* LocationInputView.swift */,
				F0CC1A07242FC134002AB5AC /* LocationInputActivationView.swift */,
				F076DBC62438B6550039EA1B /* MenuHeader.swift */,
				F05DF524243A1D7300EE8716 /* UserInfoHeader.swift */,
			);
			path = View;
			sourceTree = "<group>";
		};
		F08D4F7B242E2D1F00890E36 /* Model */ = {
			isa = PBXGroup;
			children = (
				F00C964B2432240A00E01DB8 /* User.swift */,
				F0D8385F24324F040072DDA9 /* DriverAnnotation.swift */,
				F020E1D02434EEFA00B52F34 /* Trip.swift */,
			);
			path = Model;
			sourceTree = "<group>";
		};
/* End PBXGroup section */

/* Begin PBXNativeTarget section */
		F08D4F5C242E2CC000890E36 /* My Uber */ = {
			isa = PBXNativeTarget;
			buildConfigurationList = F08D4F71242E2CC500890E36 /* Build configuration list for PBXNativeTarget "My Uber" */;
			buildPhases = (
				1CCEC5BE3748F19D71269D53 /* [CP] Check Pods Manifest.lock */,
				F08D4F59242E2CC000890E36 /* Sources */,
				F08D4F5A242E2CC000890E36 /* Frameworks */,
				F08D4F5B242E2CC000890E36 /* Resources */,
				494B6014F9F4F194EE91BFCA /* [CP] Embed Pods Frameworks */,
			);
			buildRules = (
			);
			dependencies = (
			);
			name = "My Uber";
			productName = "My Uber";
			productReference = F08D4F5D242E2CC000890E36 /* My Uber.app */;
			productType = "com.apple.product-type.application";
		};
/* End PBXNativeTarget section */

/* Begin PBXProject section */
		F08D4F55242E2CC000890E36 /* Project object */ = {
			isa = PBXProject;
			attributes = {
				LastSwiftUpdateCheck = 1130;
				LastUpgradeCheck = 1130;
				ORGANIZATIONNAME = "Dawid Jaskulski";
				TargetAttributes = {
					F08D4F5C242E2CC000890E36 = {
						CreatedOnToolsVersion = 11.3.1;
					};
				};
			};
			buildConfigurationList = F08D4F58242E2CC000890E36 /* Build configuration list for PBXProject "My Uber" */;
			compatibilityVersion = "Xcode 9.3";
			developmentRegion = en;
			hasScannedForEncodings = 0;
			knownRegions = (
				en,
				Base,
			);
			mainGroup = F08D4F54242E2CC000890E36;
			productRefGroup = F08D4F5E242E2CC000890E36 /* Products */;
			projectDirPath = "";
			projectRoot = "";
			targets = (
				F08D4F5C242E2CC000890E36 /* My Uber */,
			);
		};
/* End PBXProject section */

/* Begin PBXResourcesBuildPhase section */
		F08D4F5B242E2CC000890E36 /* Resources */ = {
			isa = PBXResourcesBuildPhase;
			buildActionMask = 2147483647;
			files = (
				F08D4F6D242E2CC500890E36 /* LaunchScreen.storyboard in Resources */,
				F097BDD2242E7A260098CA05 /* GoogleService-Info.plist in Resources */,
				F08D4F6A242E2CC500890E36 /* Assets.xcassets in Resources */,
				F08D4F68242E2CC000890E36 /* Main.storyboard in Resources */,
			);
			runOnlyForDeploymentPostprocessing = 0;
		};
/* End PBXResourcesBuildPhase section */

/* Begin PBXShellScriptBuildPhase section */
		1CCEC5BE3748F19D71269D53 /* [CP] Check Pods Manifest.lock */ = {
			isa = PBXShellScriptBuildPhase;
			buildActionMask = 2147483647;
			files = (
			);
			inputFileListPaths = (
			);
			inputPaths = (
				"${PODS_PODFILE_DIR_PATH}/Podfile.lock",
				"${PODS_ROOT}/Manifest.lock",
			);
			name = "[CP] Check Pods Manifest.lock";
			outputFileListPaths = (
			);
			outputPaths = (
				"$(DERIVED_FILE_DIR)/Pods-My Uber-checkManifestLockResult.txt",
			);
			runOnlyForDeploymentPostprocessing = 0;
			shellPath = /bin/sh;
			shellScript = "diff \"${PODS_PODFILE_DIR_PATH}/Podfile.lock\" \"${PODS_ROOT}/Manifest.lock\" > /dev/null\nif [ $? != 0 ] ; then\n    # print error to STDERR\n    echo \"error: The sandbox is not in sync with the Podfile.lock. Run 'pod install' or update your CocoaPods installation.\" >&2\n    exit 1\nfi\n# This output is used by Xcode 'outputs' to avoid re-running this script phase.\necho \"SUCCESS\" > \"${SCRIPT_OUTPUT_FILE_0}\"\n";
			showEnvVarsInLog = 0;
		};
		494B6014F9F4F194EE91BFCA /* [CP] Embed Pods Frameworks */ = {
			isa = PBXShellScriptBuildPhase;
			buildActionMask = 2147483647;
			files = (
			);
			inputFileListPaths = (
				"${PODS_ROOT}/Target Support Files/Pods-My Uber/Pods-My Uber-frameworks-${CONFIGURATION}-input-files.xcfilelist",
			);
			name = "[CP] Embed Pods Frameworks";
			outputFileListPaths = (
				"${PODS_ROOT}/Target Support Files/Pods-My Uber/Pods-My Uber-frameworks-${CONFIGURATION}-output-files.xcfilelist",
			);
			runOnlyForDeploymentPostprocessing = 0;
			shellPath = /bin/sh;
			shellScript = "\"${PODS_ROOT}/Target Support Files/Pods-My Uber/Pods-My Uber-frameworks.sh\"\n";
			showEnvVarsInLog = 0;
		};
/* End PBXShellScriptBuildPhase section */

/* Begin PBXSourcesBuildPhase section */
		F08D4F59242E2CC000890E36 /* Sources */ = {
			isa = PBXSourcesBuildPhase;
			buildActionMask = 2147483647;
			files = (
				F0B4C7B5242E5F0000A506DC /* SignUpController.swift in Sources */,
				F0B4C7B7242E6A4300A506DC /* AuthButton.swift in Sources */,
				F054DD2F242E84490008675D /* HomeController.swift in Sources */,
				F05DF525243A1D7300EE8716 /* UserInfoHeader.swift in Sources */,
				F076DBCA243A1A4C0039EA1B /* SettingsController.swift in Sources */,
				F0F406EA242FCB2E0092184D /* LocationInputView.swift in Sources */,
				F020E1D12434EEFA00B52F34 /* Trip.swift in Sources */,
				F020E1D324360E8B00B52F34 /* PickupController.swift in Sources */,
				F0D8386024324F040072DDA9 /* DriverAnnotation.swift in Sources */,
				F0B4C7AF242E2F4600A506DC /* LoginController.swift in Sources */,
				F08D4F61242E2CC000890E36 /* AppDelegate.swift in Sources */,
				F05DF528243A25A600EE8716 /* AddLocationController.swift in Sources */,
				F0918F9A2431054100C3515F /* LocationCell.swift in Sources */,
				F076DBC32438AFF20039EA1B /* MenuController.swift in Sources */,
				F00C964E24322AD700E01DB8 /* LocationHandler.swift in Sources */,
				F076DBC52438B01C0039EA1B /* ContainerController.swift in Sources */,
				F076DBC72438B6550039EA1B /* MenuHeader.swift in Sources */,
				F08D4F63242E2CC000890E36 /* SceneDelegate.swift in Sources */,
				F020E1CF2434B7E500B52F34 /* RideActionView.swift in Sources */,
				F00C964C2432240A00E01DB8 /* User.swift in Sources */,
				F00C964A24321D0A00E01DB8 /* Service.swift in Sources */,
				F0CC1A08242FC134002AB5AC /* LocationInputActivationView.swift in Sources */,
				F0B4C7B1242E3F5E00A506DC /* Extensions.swift in Sources */,
			);
			runOnlyForDeploymentPostprocessing = 0;
		};
/* End PBXSourcesBuildPhase section */

/* Begin PBXVariantGroup section */
		F08D4F66242E2CC000890E36 /* Main.storyboard */ = {
			isa = PBXVariantGroup;
			children = (
				F08D4F67242E2CC000890E36 /* Base */,
			);
			name = Main.storyboard;
			sourceTree = "<group>";
		};
		F08D4F6B242E2CC500890E36 /* LaunchScreen.storyboard */ = {
			isa = PBXVariantGroup;
			children = (
				F08D4F6C242E2CC500890E36 /* Base */,
			);
			name = LaunchScreen.storyboard;
			sourceTree = "<group>";
		};
/* End PBXVariantGroup section */

/* Begin XCBuildConfiguration section */
		F08D4F6F242E2CC500890E36 /* Debug */ = {
			isa = XCBuildConfiguration;
			buildSettings = {
				ALWAYS_SEARCH_USER_PATHS = NO;
				CLANG_ANALYZER_NONNULL = YES;
				CLANG_ANALYZER_NUMBER_OBJECT_CONVERSION = YES_AGGRESSIVE;
				CLANG_CXX_LANGUAGE_STANDARD = "gnu++14";
				CLANG_CXX_LIBRARY = "libc++";
				CLANG_ENABLE_MODULES = YES;
				CLANG_ENABLE_OBJC_ARC = YES;
				CLANG_ENABLE_OBJC_WEAK = YES;
				CLANG_WARN_BLOCK_CAPTURE_AUTORELEASING = YES;
				CLANG_WARN_BOOL_CONVERSION = YES;
				CLANG_WARN_COMMA = YES;
				CLANG_WARN_CONSTANT_CONVERSION = YES;
				CLANG_WARN_DEPRECATED_OBJC_IMPLEMENTATIONS = YES;
				CLANG_WARN_DIRECT_OBJC_ISA_USAGE = YES_ERROR;
				CLANG_WARN_DOCUMENTATION_COMMENTS = YES;
				CLANG_WARN_EMPTY_BODY = YES;
				CLANG_WARN_ENUM_CONVERSION = YES;
				CLANG_WARN_INFINITE_RECURSION = YES;
				CLANG_WARN_INT_CONVERSION = YES;
				CLANG_WARN_NON_LITERAL_NULL_CONVERSION = YES;
				CLANG_WARN_OBJC_IMPLICIT_RETAIN_SELF = YES;
				CLANG_WARN_OBJC_LITERAL_CONVERSION = YES;
				CLANG_WARN_OBJC_ROOT_CLASS = YES_ERROR;
				CLANG_WARN_RANGE_LOOP_ANALYSIS = YES;
				CLANG_WARN_STRICT_PROTOTYPES = YES;
				CLANG_WARN_SUSPICIOUS_MOVE = YES;
				CLANG_WARN_UNGUARDED_AVAILABILITY = YES_AGGRESSIVE;
				CLANG_WARN_UNREACHABLE_CODE = YES;
				CLANG_WARN__DUPLICATE_METHOD_MATCH = YES;
				COPY_PHASE_STRIP = NO;
				DEBUG_INFORMATION_FORMAT = dwarf;
				ENABLE_STRICT_OBJC_MSGSEND = YES;
				ENABLE_TESTABILITY = YES;
				GCC_C_LANGUAGE_STANDARD = gnu11;
				GCC_DYNAMIC_NO_PIC = NO;
				GCC_NO_COMMON_BLOCKS = YES;
				GCC_OPTIMIZATION_LEVEL = 0;
				GCC_PREPROCESSOR_DEFINITIONS = (
					"DEBUG=1",
					"$(inherited)",
				);
				GCC_WARN_64_TO_32_BIT_CONVERSION = YES;
				GCC_WARN_ABOUT_RETURN_TYPE = YES_ERROR;
				GCC_WARN_UNDECLARED_SELECTOR = YES;
				GCC_WARN_UNINITIALIZED_AUTOS = YES_AGGRESSIVE;
				GCC_WARN_UNUSED_FUNCTION = YES;
				GCC_WARN_UNUSED_VARIABLE = YES;
				IPHONEOS_DEPLOYMENT_TARGET = 13.2;
				MTL_ENABLE_DEBUG_INFO = INCLUDE_SOURCE;
				MTL_FAST_MATH = YES;
				ONLY_ACTIVE_ARCH = YES;
				SDKROOT = iphoneos;
				SWIFT_ACTIVE_COMPILATION_CONDITIONS = DEBUG;
				SWIFT_OPTIMIZATION_LEVEL = "-Onone";
			};
			name = Debug;
		};
		F08D4F70242E2CC500890E36 /* Release */ = {
			isa = XCBuildConfiguration;
			buildSettings = {
				ALWAYS_SEARCH_USER_PATHS = NO;
				CLANG_ANALYZER_NONNULL = YES;
				CLANG_ANALYZER_NUMBER_OBJECT_CONVERSION = YES_AGGRESSIVE;
				CLANG_CXX_LANGUAGE_STANDARD = "gnu++14";
				CLANG_CXX_LIBRARY = "libc++";
				CLANG_ENABLE_MODULES = YES;
				CLANG_ENABLE_OBJC_ARC = YES;
				CLANG_ENABLE_OBJC_WEAK = YES;
				CLANG_WARN_BLOCK_CAPTURE_AUTORELEASING = YES;
				CLANG_WARN_BOOL_CONVERSION = YES;
				CLANG_WARN_COMMA = YES;
				CLANG_WARN_CONSTANT_CONVERSION = YES;
				CLANG_WARN_DEPRECATED_OBJC_IMPLEMENTATIONS = YES;
				CLANG_WARN_DIRECT_OBJC_ISA_USAGE = YES_ERROR;
				CLANG_WARN_DOCUMENTATION_COMMENTS = YES;
				CLANG_WARN_EMPTY_BODY = YES;
				CLANG_WARN_ENUM_CONVERSION = YES;
				CLANG_WARN_INFINITE_RECURSION = YES;
				CLANG_WARN_INT_CONVERSION = YES;
				CLANG_WARN_NON_LITERAL_NULL_CONVERSION = YES;
				CLANG_WARN_OBJC_IMPLICIT_RETAIN_SELF = YES;
				CLANG_WARN_OBJC_LITERAL_CONVERSION = YES;
				CLANG_WARN_OBJC_ROOT_CLASS = YES_ERROR;
				CLANG_WARN_RANGE_LOOP_ANALYSIS = YES;
				CLANG_WARN_STRICT_PROTOTYPES = YES;
				CLANG_WARN_SUSPICIOUS_MOVE = YES;
				CLANG_WARN_UNGUARDED_AVAILABILITY = YES_AGGRESSIVE;
				CLANG_WARN_UNREACHABLE_CODE = YES;
				CLANG_WARN__DUPLICATE_METHOD_MATCH = YES;
				COPY_PHASE_STRIP = NO;
				DEBUG_INFORMATION_FORMAT = "dwarf-with-dsym";
				ENABLE_NS_ASSERTIONS = NO;
				ENABLE_STRICT_OBJC_MSGSEND = YES;
				GCC_C_LANGUAGE_STANDARD = gnu11;
				GCC_NO_COMMON_BLOCKS = YES;
				GCC_WARN_64_TO_32_BIT_CONVERSION = YES;
				GCC_WARN_ABOUT_RETURN_TYPE = YES_ERROR;
				GCC_WARN_UNDECLARED_SELECTOR = YES;
				GCC_WARN_UNINITIALIZED_AUTOS = YES_AGGRESSIVE;
				GCC_WARN_UNUSED_FUNCTION = YES;
				GCC_WARN_UNUSED_VARIABLE = YES;
				IPHONEOS_DEPLOYMENT_TARGET = 13.2;
				MTL_ENABLE_DEBUG_INFO = NO;
				MTL_FAST_MATH = YES;
				SDKROOT = iphoneos;
				SWIFT_COMPILATION_MODE = wholemodule;
				SWIFT_OPTIMIZATION_LEVEL = "-O";
				VALIDATE_PRODUCT = YES;
			};
			name = Release;
		};
		F08D4F72242E2CC500890E36 /* Debug */ = {
			isa = XCBuildConfiguration;
			baseConfigurationReference = 8BCD295DCF9E546FB6F5CB16 /* Pods-My Uber.debug.xcconfig */;
			buildSettings = {
				ASSETCATALOG_COMPILER_APPICON_NAME = AppIcon;
				CODE_SIGN_STYLE = Automatic;
				DEVELOPMENT_TEAM = 35VJ692JFR;
				INFOPLIST_FILE = "My Uber/Info.plist";
				LD_RUNPATH_SEARCH_PATHS = (
					"$(inherited)",
					"@executable_path/Frameworks",
				);
				PRODUCT_BUNDLE_IDENTIFIER = "dawidjaskulski.My-Uber";
				PRODUCT_NAME = "$(TARGET_NAME)";
				SWIFT_VERSION = 5.0;
				TARGETED_DEVICE_FAMILY = 1;
			};
			name = Debug;
		};
		F08D4F73242E2CC500890E36 /* Release */ = {
			isa = XCBuildConfiguration;
			baseConfigurationReference = 226AA49055EDB822991B26EB /* Pods-My Uber.release.xcconfig */;
			buildSettings = {
				ASSETCATALOG_COMPILER_APPICON_NAME = AppIcon;
				CODE_SIGN_STYLE = Automatic;
				DEVELOPMENT_TEAM = 35VJ692JFR;
				INFOPLIST_FILE = "My Uber/Info.plist";
				LD_RUNPATH_SEARCH_PATHS = (
					"$(inherited)",
					"@executable_path/Frameworks",
				);
				PRODUCT_BUNDLE_IDENTIFIER = "dawidjaskulski.My-Uber";
				PRODUCT_NAME = "$(TARGET_NAME)";
				SWIFT_VERSION = 5.0;
				TARGETED_DEVICE_FAMILY = 1;
			};
			name = Release;
		};
/* End XCBuildConfiguration section */

/* Begin XCConfigurationList section */
		F08D4F58242E2CC000890E36 /* Build configuration list for PBXProject "My Uber" */ = {
			isa = XCConfigurationList;
			buildConfigurations = (
				F08D4F6F242E2CC500890E36 /* Debug */,
				F08D4F70242E2CC500890E36 /* Release */,
			);
			defaultConfigurationIsVisible = 0;
			defaultConfigurationName = Release;
		};
		F08D4F71242E2CC500890E36 /* Build configuration list for PBXNativeTarget "My Uber" */ = {
			isa = XCConfigurationList;
			buildConfigurations = (
				F08D4F72242E2CC500890E36 /* Debug */,
				F08D4F73242E2CC500890E36 /* Release */,
			);
			defaultConfigurationIsVisible = 0;
			defaultConfigurationName = Release;
		};
/* End XCConfigurationList section */
	};
	rootObject = F08D4F55242E2CC000890E36 /* Project object */;
}
